
Microsoft Visual Studio Solution File, Format Version 12.00
# Visual Studio Version 16
VisualStudioVersion = 25.0.1706.13
MinimumVisualStudioVersion = 10.0.40219.1
Project("{FAE04EC0-301F-11D3-BF4B-00C04F79EFBC}") = "A1", "A1.csproj", "{965A409D-7C1B-4D53-B7F0-41A9759360DC}"
EndProject
Global
	GlobalSection(SolutionConfigurationPlatforms) = preSolution
		Debug|Any CPU = Debug|Any CPU
		Release|Any CPU = Release|Any CPU
	EndGlobalSection
	GlobalSection(ProjectConfigurationPlatforms) = postSolution
		{965A409D-7C1B-4D53-B7F0-41A9759360DC}.Debug|Any CPU.ActiveCfg = Debug|Any CPU
		{965A409D-7C1B-4D53-B7F0-41A9759360DC}.Debug|Any CPU.Build.0 = Debug|Any CPU
		{965A409D-7C1B-4D53-B7F0-41A9759360DC}.Release|Any CPU.ActiveCfg = Release|Any CPU
		{965A409D-7C1B-4D53-B7F0-41A9759360DC}.Release|Any CPU.Build.0 = Release|Any CPU
	EndGlobalSection
	GlobalSection(SolutionProperties) = preSolution
		HideSolutionNode = FALSE
	EndGlobalSection
	GlobalSection(ExtensibilityGlobals) = postSolution
		SolutionGuid = {B7515516-E06A-48BB-BD01-9A9F7DAE05DD}
	EndGlobalSection
EndGlobal
